
Microsoft Visual Studio Solution File, Format Version 12.00
# Visual Studio Version 17
VisualStudioVersion = 17.6.33829.357
MinimumVisualStudioVersion = 10.0.40219.1
Project("{9A19103F-16F7-4668-BE54-9A1E7A4F7556}") = "ui_test", "ui_test\ui_test.csproj", "{7B4B4D1A-341A-4302-8022-9D59203933B9}"
EndProject
Project("{9A19103F-16F7-4668-BE54-9A1E7A4F7556}") = "Api_tests", "Api_tests\Api_tests.csproj", "{AE3B6DDF-263D-4949-BB6F-1A1068CFAD52}"
EndProject
Project("{888888A0-9F3D-457C-B088-3A5042F75D52}") = "ui_test_robot_framework", "ui_test_robot_framework\ui_test_robot_framework.pyproj", "{9C1735F3-0D28-4AD2-9D73-5A4BB16C3323}"
EndProject
Global
	GlobalSection(SolutionConfigurationPlatforms) = preSolution
		Debug|Any CPU = Debug|Any CPU
		Release|Any CPU = Release|Any CPU
	EndGlobalSection
	GlobalSection(ProjectConfigurationPlatforms) = postSolution
		{7B4B4D1A-341A-4302-8022-9D59203933B9}.Debug|Any CPU.ActiveCfg = Debug|Any CPU
		{7B4B4D1A-341A-4302-8022-9D59203933B9}.Debug|Any CPU.Build.0 = Debug|Any CPU
		{7B4B4D1A-341A-4302-8022-9D59203933B9}.Release|Any CPU.ActiveCfg = Release|Any CPU
		{7B4B4D1A-341A-4302-8022-9D59203933B9}.Release|Any CPU.Build.0 = Release|Any CPU
		{AE3B6DDF-263D-4949-BB6F-1A1068CFAD52}.Debug|Any CPU.ActiveCfg = Debug|Any CPU
		{AE3B6DDF-263D-4949-BB6F-1A1068CFAD52}.Debug|Any CPU.Build.0 = Debug|Any CPU
		{AE3B6DDF-263D-4949-BB6F-1A1068CFAD52}.Release|Any CPU.ActiveCfg = Release|Any CPU
		{AE3B6DDF-263D-4949-BB6F-1A1068CFAD52}.Release|Any CPU.Build.0 = Release|Any CPU
		{9C1735F3-0D28-4AD2-9D73-5A4BB16C3323}.Debug|Any CPU.ActiveCfg = Debug|Any CPU
		{9C1735F3-0D28-4AD2-9D73-5A4BB16C3323}.Release|Any CPU.ActiveCfg = Release|Any CPU
	EndGlobalSection
	GlobalSection(SolutionProperties) = preSolution
		HideSolutionNode = FALSE
	EndGlobalSection
	GlobalSection(ExtensibilityGlobals) = postSolution
		SolutionGuid = {F1B61DC1-D28B-4A44-A77E-761DEEEDB137}
	EndGlobalSection
EndGlobal
